// !$*UTF8*$!
{
	archiveVersion = 1;
	classes = {
	};
	objectVersion = 51;
	objects = {

/* Begin PBXBuildFile section */
		1C8739FEBD05D25ED5D49753 /* Pods_flixster.framework in Frameworks */ = {isa = PBXBuildFile; fileRef = 7C68090C512A2A7B36913B30 /* Pods_flixster.framework */; };
		4091F1A3B603BBE21D5F36EC /* Pods_flixsterTests.framework in Frameworks */ = {isa = PBXBuildFile; fileRef = 36D836067F0BC858312CC82D /* Pods_flixsterTests.framework */; };
		C739754A23DFA3AA00372314 /* MovieDetailsViewController.swift in Sources */ = {isa = PBXBuildFile; fileRef = C739754923DFA3AA00372314 /* MovieDetailsViewController.swift */; };
		C739754C23DFB01C00372314 /* MovieGridViewController.swift in Sources */ = {isa = PBXBuildFile; fileRef = C739754B23DFB01C00372314 /* MovieGridViewController.swift */; };
		C739754E23DFB3D000372314 /* MovieGridCell.swift in Sources */ = {isa = PBXBuildFile; fileRef = C739754D23DFB3D000372314 /* MovieGridCell.swift */; };
		C76DE97A23D90AEC007FE5EE /* AppDelegate.swift in Sources */ = {isa = PBXBuildFile; fileRef = C76DE97923D90AEC007FE5EE /* AppDelegate.swift */; };
		C76DE97C23D90AEC007FE5EE /* SceneDelegate.swift in Sources */ = {isa = PBXBuildFile; fileRef = C76DE97B23D90AEC007FE5EE /* SceneDelegate.swift */; };
		C76DE98123D90AEC007FE5EE /* Main.storyboard in Resources */ = {isa = PBXBuildFile; fileRef = C76DE97F23D90AEC007FE5EE /* Main.storyboard */; };
		C76DE98323D90AED007FE5EE /* Assets.xcassets in Resources */ = {isa = PBXBuildFile; fileRef = C76DE98223D90AED007FE5EE /* Assets.xcassets */; };
		C76DE98623D90AED007FE5EE /* LaunchScreen.storyboard in Resources */ = {isa = PBXBuildFile; fileRef = C76DE98423D90AED007FE5EE /* LaunchScreen.storyboard */; };
		C76DE99123D90AEE007FE5EE /* flixsterTests.swift in Sources */ = {isa = PBXBuildFile; fileRef = C76DE99023D90AEE007FE5EE /* flixsterTests.swift */; };
		C76DE99C23D90D73007FE5EE /* MoviesViewController.swift in Sources */ = {isa = PBXBuildFile; fileRef = C76DE99B23D90D72007FE5EE /* MoviesViewController.swift */; };
		C76DE99E23D91E8F007FE5EE /* MovieCell.swift in Sources */ = {isa = PBXBuildFile; fileRef = C76DE99D23D91E8F007FE5EE /* MovieCell.swift */; };
/* End PBXBuildFile section */

/* Begin PBXContainerItemProxy section */
		C76DE98D23D90AEE007FE5EE /* PBXContainerItemProxy */ = {
			isa = PBXContainerItemProxy;
			containerPortal = C76DE96E23D90AEC007FE5EE /* Project object */;
			proxyType = 1;
			remoteGlobalIDString = C76DE97523D90AEC007FE5EE;
			remoteInfo = flixster;
		};
/* End PBXContainerItemProxy section */

/* Begin PBXFileReference section */
		001B3D63ADC2FC1A6C571012 /* Pods-flixster.release.xcconfig */ = {isa = PBXFileReference; includeInIndex = 1; lastKnownFileType = text.xcconfig; name = "Pods-flixster.release.xcconfig"; path = "Target Support Files/Pods-flixster/Pods-flixster.release.xcconfig"; sourceTree = "<group>"; };
		36D836067F0BC858312CC82D /* Pods_flixsterTests.framework */ = {isa = PBXFileReference; explicitFileType = wrapper.framework; includeInIndex = 0; path = Pods_flixsterTests.framework; sourceTree = BUILT_PRODUCTS_DIR; };
		607F7474FF8035D7456A0B19 /* Pods-flixsterTests.release.xcconfig */ = {isa = PBXFileReference; includeInIndex = 1; lastKnownFileType = text.xcconfig; name = "Pods-flixsterTests.release.xcconfig"; path = "Target Support Files/Pods-flixsterTests/Pods-flixsterTests.release.xcconfig"; sourceTree = "<group>"; };
		64D0AE769D5F894B80B9428B /* Pods-flixsterTests.debug.xcconfig */ = {isa = PBXFileReference; includeInIndex = 1; lastKnownFileType = text.xcconfig; name = "Pods-flixsterTests.debug.xcconfig"; path = "Target Support Files/Pods-flixsterTests/Pods-flixsterTests.debug.xcconfig"; sourceTree = "<group>"; };
		7C68090C512A2A7B36913B30 /* Pods_flixster.framework */ = {isa = PBXFileReference; explicitFileType = wrapper.framework; includeInIndex = 0; path = Pods_flixster.framework; sourceTree = BUILT_PRODUCTS_DIR; };
		C739754923DFA3AA00372314 /* MovieDetailsViewController.swift */ = {isa = PBXFileReference; lastKnownFileType = sourcecode.swift; path = MovieDetailsViewController.swift; sourceTree = "<group>"; };
		C739754B23DFB01C00372314 /* MovieGridViewController.swift */ = {isa = PBXFileReference; lastKnownFileType = sourcecode.swift; path = MovieGridViewController.swift; sourceTree = "<group>"; };
		C739754D23DFB3D000372314 /* MovieGridCell.swift */ = {isa = PBXFileReference; lastKnownFileType = sourcecode.swift; path = MovieGridCell.swift; sourceTree = "<group>"; };
		C76DE97623D90AEC007FE5EE /* flixster.app */ = {isa = PBXFileReference; explicitFileType = wrapper.application; includeInIndex = 0; path = flixster.app; sourceTree = BUILT_PRODUCTS_DIR; };
		C76DE97923D90AEC007FE5EE /* AppDelegate.swift */ = {isa = PBXFileReference; lastKnownFileType = sourcecode.swift; path = AppDelegate.swift; sourceTree = "<group>"; };
		C76DE97B23D90AEC007FE5EE /* SceneDelegate.swift */ = {isa = PBXFileReference; lastKnownFileType = sourcecode.swift; path = SceneDelegate.swift; sourceTree = "<group>"; };
		C76DE98023D90AEC007FE5EE /* Base */ = {isa = PBXFileReference; lastKnownFileType = file.storyboard; name = Base; path = Base.lproj/Main.storyboard; sourceTree = "<group>"; };
		C76DE98223D90AED007FE5EE /* Assets.xcassets */ = {isa = PBXFileReference; lastKnownFileType = folder.assetcatalog; path = Assets.xcassets; sourceTree = "<group>"; };
		C76DE98523D90AED007FE5EE /* Base */ = {isa = PBXFileReference; lastKnownFileType = file.storyboard; name = Base; path = Base.lproj/LaunchScreen.storyboard; sourceTree = "<group>"; };
		C76DE98723D90AED007FE5EE /* Info.plist */ = {isa = PBXFileReference; lastKnownFileType = text.plist.xml; path = Info.plist; sourceTree = "<group>"; };
		C76DE98C23D90AEE007FE5EE /* flixsterTests.xctest */ = {isa = PBXFileReference; explicitFileType = wrapper.cfbundle; includeInIndex = 0; path = flixsterTests.xctest; sourceTree = BUILT_PRODUCTS_DIR; };
		C76DE99023D90AEE007FE5EE /* flixsterTests.swift */ = {isa = PBXFileReference; lastKnownFileType = sourcecode.swift; path = flixsterTests.swift; sourceTree = "<group>"; };
		C76DE99223D90AEE007FE5EE /* Info.plist */ = {isa = PBXFileReference; lastKnownFileType = text.plist.xml; path = Info.plist; sourceTree = "<group>"; };
		C76DE99B23D90D72007FE5EE /* MoviesViewController.swift */ = {isa = PBXFileReference; lastKnownFileType = sourcecode.swift; path = MoviesViewController.swift; sourceTree = "<group>"; };
		C76DE99D23D91E8F007FE5EE /* MovieCell.swift */ = {isa = PBXFileReference; lastKnownFileType = sourcecode.swift; path = MovieCell.swift; sourceTree = "<group>"; };
		CAEC15922E2F3200F2FFAB10 /* Pods-flixster.debug.xcconfig */ = {isa = PBXFileReference; includeInIndex = 1; lastKnownFileType = text.xcconfig; name = "Pods-flixster.debug.xcconfig"; path = "Target Support Files/Pods-flixster/Pods-flixster.debug.xcconfig"; sourceTree = "<group>"; };
/* End PBXFileReference section */

/* Begin PBXFrameworksBuildPhase section */
		C76DE97323D90AEC007FE5EE /* Frameworks */ = {
			isa = PBXFrameworksBuildPhase;
			buildActionMask = 2147483647;
			files = (
				1C8739FEBD05D25ED5D49753 /* Pods_flixster.framework in Frameworks */,
			);
			runOnlyForDeploymentPostprocessing = 0;
		};
		C76DE98923D90AEE007FE5EE /* Frameworks */ = {
			isa = PBXFrameworksBuildPhase;
			buildActionMask = 2147483647;
			files = (
				4091F1A3B603BBE21D5F36EC /* Pods_flixsterTests.framework in Frameworks */,
			);
			runOnlyForDeploymentPostprocessing = 0;
		};
/* End PBXFrameworksBuildPhase section */

/* Begin PBXGroup section */
		28C9DF39D4CCD8EF3B6A585A /* Frameworks */ = {
			isa = PBXGroup;
			children = (
				7C68090C512A2A7B36913B30 /* Pods_flixster.framework */,
				36D836067F0BC858312CC82D /* Pods_flixsterTests.framework */,
			);
			name = Frameworks;
			sourceTree = "<group>";
		};
		C76DE96D23D90AEC007FE5EE = {
			isa = PBXGroup;
			children = (
				C76DE97823D90AEC007FE5EE /* flixster */,
				C76DE98F23D90AEE007FE5EE /* flixsterTests */,
				C76DE97723D90AEC007FE5EE /* Products */,
				F39B5DDB0C87BFE241C2ABF5 /* Pods */,
				28C9DF39D4CCD8EF3B6A585A /* Frameworks */,
			);
			sourceTree = "<group>";
		};
		C76DE97723D90AEC007FE5EE /* Products */ = {
			isa = PBXGroup;
			children = (
				C76DE97623D90AEC007FE5EE /* flixster.app */,
				C76DE98C23D90AEE007FE5EE /* flixsterTests.xctest */,
			);
			name = Products;
			sourceTree = "<group>";
		};
		C76DE97823D90AEC007FE5EE /* flixster */ = {
			isa = PBXGroup;
			children = (
				C76DE97923D90AEC007FE5EE /* AppDelegate.swift */,
				C76DE97B23D90AEC007FE5EE /* SceneDelegate.swift */,
				C76DE97F23D90AEC007FE5EE /* Main.storyboard */,
				C76DE98223D90AED007FE5EE /* Assets.xcassets */,
				C76DE98423D90AED007FE5EE /* LaunchScreen.storyboard */,
				C76DE98723D90AED007FE5EE /* Info.plist */,
				C76DE99B23D90D72007FE5EE /* MoviesViewController.swift */,
				C76DE99D23D91E8F007FE5EE /* MovieCell.swift */,
				C739754923DFA3AA00372314 /* MovieDetailsViewController.swift */,
				C739754B23DFB01C00372314 /* MovieGridViewController.swift */,
				C739754D23DFB3D000372314 /* MovieGridCell.swift */,
			);
			path = flixster;
			sourceTree = "<group>";
		};
		C76DE98F23D90AEE007FE5EE /* flixsterTests */ = {
			isa = PBXGroup;
			children = (
				C76DE99023D90AEE007FE5EE /* flixsterTests.swift */,
				C76DE99223D90AEE007FE5EE /* Info.plist */,
			);
			path = flixsterTests;
			sourceTree = "<group>";
		};
		F39B5DDB0C87BFE241C2ABF5 /* Pods */ = {
			isa = PBXGroup;
			children = (
				CAEC15922E2F3200F2FFAB10 /* Pods-flixster.debug.xcconfig */,
				001B3D63ADC2FC1A6C571012 /* Pods-flixster.release.xcconfig */,
				64D0AE769D5F894B80B9428B /* Pods-flixsterTests.debug.xcconfig */,
				607F7474FF8035D7456A0B19 /* Pods-flixsterTests.release.xcconfig */,
			);
			path = Pods;
			sourceTree = "<group>";
		};
/* End PBXGroup section */

/* Begin PBXNativeTarget section */
		C76DE97523D90AEC007FE5EE /* flixster */ = {
			isa = PBXNativeTarget;
			buildConfigurationList = C76DE99523D90AEE007FE5EE /* Build configuration list for PBXNativeTarget "flixster" */;
			buildPhases = (
				83ED457805D531A6185452AF /* [CP] Check Pods Manifest.lock */,
				C76DE97223D90AEC007FE5EE /* Sources */,
				C76DE97323D90AEC007FE5EE /* Frameworks */,
				C76DE97423D90AEC007FE5EE /* Resources */,
				0B946D01901EBBC534282E8C /* [CP] Embed Pods Frameworks */,
			);
			buildRules = (
			);
			dependencies = (
			);
			name = flixster;
			productName = flixster;
			productReference = C76DE97623D90AEC007FE5EE /* flixster.app */;
			productType = "com.apple.product-type.application";
		};
		C76DE98B23D90AEE007FE5EE /* flixsterTests */ = {
			isa = PBXNativeTarget;
			buildConfigurationList = C76DE99823D90AEE007FE5EE /* Build configuration list for PBXNativeTarget "flixsterTests" */;
			buildPhases = (
				65902A9C774FD0148C605A19 /* [CP] Check Pods Manifest.lock */,
				C76DE98823D90AEE007FE5EE /* Sources */,
				C76DE98923D90AEE007FE5EE /* Frameworks */,
				C76DE98A23D90AEE007FE5EE /* Resources */,
			);
			buildRules = (
			);
			dependencies = (
				C76DE98E23D90AEE007FE5EE /* PBXTargetDependency */,
			);
			name = flixsterTests;
			productName = flixsterTests;
			productReference = C76DE98C23D90AEE007FE5EE /* flixsterTests.xctest */;
			productType = "com.apple.product-type.bundle.unit-test";
		};
/* End PBXNativeTarget section */

/* Begin PBXProject section */
		C76DE96E23D90AEC007FE5EE /* Project object */ = {
			isa = PBXProject;
			attributes = {
				LastSwiftUpdateCheck = 1130;
				LastUpgradeCheck = 1130;
				ORGANIZATIONNAME = ReeseCrowell;
				TargetAttributes = {
					C76DE97523D90AEC007FE5EE = {
						CreatedOnToolsVersion = 11.3.1;
					};
					C76DE98B23D90AEE007FE5EE = {
						CreatedOnToolsVersion = 11.3.1;
						TestTargetID = C76DE97523D90AEC007FE5EE;
					};
				};
			};
			buildConfigurationList = C76DE97123D90AEC007FE5EE /* Build configuration list for PBXProject "flixster" */;
			compatibilityVersion = "Xcode 9.3";
			developmentRegion = en;
			hasScannedForEncodings = 0;
			knownRegions = (
				en,
				Base,
			);
			mainGroup = C76DE96D23D90AEC007FE5EE;
			productRefGroup = C76DE97723D90AEC007FE5EE /* Products */;
			projectDirPath = "";
			projectRoot = "";
			targets = (
				C76DE97523D90AEC007FE5EE /* flixster */,
				C76DE98B23D90AEE007FE5EE /* flixsterTests */,
			);
		};
/* End PBXProject section */

/* Begin PBXResourcesBuildPhase section */
		C76DE97423D90AEC007FE5EE /* Resources */ = {
			isa = PBXResourcesBuildPhase;
			buildActionMask = 2147483647;
			files = (
				C76DE98623D90AED007FE5EE /* LaunchScreen.storyboard in Resources */,
				C76DE98323D90AED007FE5EE /* Assets.xcassets in Resources */,
				C76DE98123D90AEC007FE5EE /* Main.storyboard in Resources */,
			);
			runOnlyForDeploymentPostprocessing = 0;
		};
		C76DE98A23D90AEE007FE5EE /* Resources */ = {
			isa = PBXResourcesBuildPhase;
			buildActionMask = 2147483647;
			files = (
			);
			runOnlyForDeploymentPostprocessing = 0;
		};
/* End PBXResourcesBuildPhase section */

/* Begin PBXShellScriptBuildPhase section */
		0B946D01901EBBC534282E8C /* [CP] Embed Pods Frameworks */ = {
			isa = PBXShellScriptBuildPhase;
			buildActionMask = 2147483647;
			files = (
			);
			inputFileListPaths = (
				"${PODS_ROOT}/Target Support Files/Pods-flixster/Pods-flixster-frameworks-${CONFIGURATION}-input-files.xcfilelist",
			);
			name = "[CP] Embed Pods Frameworks";
			outputFileListPaths = (
				"${PODS_ROOT}/Target Support Files/Pods-flixster/Pods-flixster-frameworks-${CONFIGURATION}-output-files.xcfilelist",
			);
			runOnlyForDeploymentPostprocessing = 0;
			shellPath = /bin/sh;
			shellScript = "\"${PODS_ROOT}/Target Support Files/Pods-flixster/Pods-flixster-frameworks.sh\"\n";
			showEnvVarsInLog = 0;
		};
		65902A9C774FD0148C605A19 /* [CP] Check Pods Manifest.lock */ = {
			isa = PBXShellScriptBuildPhase;
			buildActionMask = 2147483647;
			files = (
			);
			inputFileListPaths = (
			);
			inputPaths = (
				"${PODS_PODFILE_DIR_PATH}/Podfile.lock",
				"${PODS_ROOT}/Manifest.lock",
			);
			name = "[CP] Check Pods Manifest.lock";
			outputFileListPaths = (
			);
			outputPaths = (
				"$(DERIVED_FILE_DIR)/Pods-flixsterTests-checkManifestLockResult.txt",
			);
			runOnlyForDeploymentPostprocessing = 0;
			shellPath = /bin/sh;
			shellScript = "diff \"${PODS_PODFILE_DIR_PATH}/Podfile.lock\" \"${PODS_ROOT}/Manifest.lock\" > /dev/null\nif [ $? != 0 ] ; then\n    # print error to STDERR\n    echo \"error: The sandbox is not in sync with the Podfile.lock. Run 'pod install' or update your CocoaPods installation.\" >&2\n    exit 1\nfi\n# This output is used by Xcode 'outputs' to avoid re-running this script phase.\necho \"SUCCESS\" > \"${SCRIPT_OUTPUT_FILE_0}\"\n";
			showEnvVarsInLog = 0;
		};
		83ED457805D531A6185452AF /* [CP] Check Pods Manifest.lock */ = {
			isa = PBXShellScriptBuildPhase;
			buildActionMask = 2147483647;
			files = (
			);
			inputFileListPaths = (
			);
			inputPaths = (
				"${PODS_PODFILE_DIR_PATH}/Podfile.lock",
				"${PODS_ROOT}/Manifest.lock",
			);
			name = "[CP] Check Pods Manifest.lock";
			outputFileListPaths = (
			);
			outputPaths = (
				"$(DERIVED_FILE_DIR)/Pods-flixster-checkManifestLockResult.txt",
			);
			runOnlyForDeploymentPostprocessing = 0;
			shellPath = /bin/sh;
			shellScript = "diff \"${PODS_PODFILE_DIR_PATH}/Podfile.lock\" \"${PODS_ROOT}/Manifest.lock\" > /dev/null\nif [ $? != 0 ] ; then\n    # print error to STDERR\n    echo \"error: The sandbox is not in sync with the Podfile.lock. Run 'pod install' or update your CocoaPods installation.\" >&2\n    exit 1\nfi\n# This output is used by Xcode 'outputs' to avoid re-running this script phase.\necho \"SUCCESS\" > \"${SCRIPT_OUTPUT_FILE_0}\"\n";
			showEnvVarsInLog = 0;
		};
/* End PBXShellScriptBuildPhase section */

/* Begin PBXSourcesBuildPhase section */
		C76DE97223D90AEC007FE5EE /* Sources */ = {
			isa = PBXSourcesBuildPhase;
			buildActionMask = 2147483647;
			files = (
				C739754A23DFA3AA00372314 /* MovieDetailsViewController.swift in Sources */,
				C76DE97A23D90AEC007FE5EE /* AppDelegate.swift in Sources */,
				C76DE97C23D90AEC007FE5EE /* SceneDelegate.swift in Sources */,
				C76DE99E23D91E8F007FE5EE /* MovieCell.swift in Sources */,
				C76DE99C23D90D73007FE5EE /* MoviesViewController.swift in Sources */,
				C739754C23DFB01C00372314 /* MovieGridViewController.swift in Sources */,
				C739754E23DFB3D000372314 /* MovieGridCell.swift in Sources */,
			);
			runOnlyForDeploymentPostprocessing = 0;
		};
		C76DE98823D90AEE007FE5EE /* Sources */ = {
			isa = PBXSourcesBuildPhase;
			buildActionMask = 2147483647;
			files = (
				C76DE99123D90AEE007FE5EE /* flixsterTests.swift in Sources */,
			);
			runOnlyForDeploymentPostprocessing = 0;
		};
/* End PBXSourcesBuildPhase section */

/* Begin PBXTargetDependency section */
		C76DE98E23D90AEE007FE5EE /* PBXTargetDependency */ = {
			isa = PBXTargetDependency;
			target = C76DE97523D90AEC007FE5EE /* flixster */;
			targetProxy = C76DE98D23D90AEE007FE5EE /* PBXContainerItemProxy */;
		};
/* End PBXTargetDependency section */

/* Begin PBXVariantGroup section */
		C76DE97F23D90AEC007FE5EE /* Main.storyboard */ = {
			isa = PBXVariantGroup;
			children = (
				C76DE98023D90AEC007FE5EE /* Base */,
			);
			name = Main.storyboard;
			sourceTree = "<group>";
		};
		C76DE98423D90AED007FE5EE /* LaunchScreen.storyboard */ = {
			isa = PBXVariantGroup;
			children = (
				C76DE98523D90AED007FE5EE /* Base */,
			);
			name = LaunchScreen.storyboard;
			sourceTree = "<group>";
		};
/* End PBXVariantGroup section */

/* Begin XCBuildConfiguration section */
		C76DE99323D90AEE007FE5EE /* Debug */ = {
			isa = XCBuildConfiguration;
			buildSettings = {
				ALWAYS_SEARCH_USER_PATHS = NO;
				CLANG_ANALYZER_NONNULL = YES;
				CLANG_ANALYZER_NUMBER_OBJECT_CONVERSION = YES_AGGRESSIVE;
				CLANG_CXX_LANGUAGE_STANDARD = "gnu++14";
				CLANG_CXX_LIBRARY = "libc++";
				CLANG_ENABLE_MODULES = YES;
				CLANG_ENABLE_OBJC_ARC = YES;
				CLANG_ENABLE_OBJC_WEAK = YES;
				CLANG_WARN_BLOCK_CAPTURE_AUTORELEASING = YES;
				CLANG_WARN_BOOL_CONVERSION = YES;
				CLANG_WARN_COMMA = YES;
				CLANG_WARN_CONSTANT_CONVERSION = YES;
				CLANG_WARN_DEPRECATED_OBJC_IMPLEMENTATIONS = YES;
				CLANG_WARN_DIRECT_OBJC_ISA_USAGE = YES_ERROR;
				CLANG_WARN_DOCUMENTATION_COMMENTS = YES;
				CLANG_WARN_EMPTY_BODY = YES;
				CLANG_WARN_ENUM_CONVERSION = YES;
				CLANG_WARN_INFINITE_RECURSION = YES;
				CLANG_WARN_INT_CONVERSION = YES;
				CLANG_WARN_NON_LITERAL_NULL_CONVERSION = YES;
				CLANG_WARN_OBJC_IMPLICIT_RETAIN_SELF = YES;
				CLANG_WARN_OBJC_LITERAL_CONVERSION = YES;
				CLANG_WARN_OBJC_ROOT_CLASS = YES_ERROR;
				CLANG_WARN_RANGE_LOOP_ANALYSIS = YES;
				CLANG_WARN_STRICT_PROTOTYPES = YES;
				CLANG_WARN_SUSPICIOUS_MOVE = YES;
				CLANG_WARN_UNGUARDED_AVAILABILITY = YES_AGGRESSIVE;
				CLANG_WARN_UNREACHABLE_CODE = YES;
				CLANG_WARN__DUPLICATE_METHOD_MATCH = YES;
				COPY_PHASE_STRIP = NO;
				DEBUG_INFORMATION_FORMAT = dwarf;
				ENABLE_STRICT_OBJC_MSGSEND = YES;
				ENABLE_TESTABILITY = YES;
				GCC_C_LANGUAGE_STANDARD = gnu11;
				GCC_DYNAMIC_NO_PIC = NO;
				GCC_NO_COMMON_BLOCKS = YES;
				GCC_OPTIMIZATION_LEVEL = 0;
				GCC_PREPROCESSOR_DEFINITIONS = (
					"DEBUG=1",
					"$(inherited)",
				);
				GCC_WARN_64_TO_32_BIT_CONVERSION = YES;
				GCC_WARN_ABOUT_RETURN_TYPE = YES_ERROR;
				GCC_WARN_UNDECLARED_SELECTOR = YES;
				GCC_WARN_UNINITIALIZED_AUTOS = YES_AGGRESSIVE;
				GCC_WARN_UNUSED_FUNCTION = YES;
				GCC_WARN_UNUSED_VARIABLE = YES;
				IPHONEOS_DEPLOYMENT_TARGET = 13.2;
				MTL_ENABLE_DEBUG_INFO = INCLUDE_SOURCE;
				MTL_FAST_MATH = YES;
				ONLY_ACTIVE_ARCH = YES;
				SDKROOT = iphoneos;
				SWIFT_ACTIVE_COMPILATION_CONDITIONS = DEBUG;
				SWIFT_OPTIMIZATION_LEVEL = "-Onone";
			};
			name = Debug;
		};
		C76DE99423D90AEE007FE5EE /* Release */ = {
			isa = XCBuildConfiguration;
			buildSettings = {
				ALWAYS_SEARCH_USER_PATHS = NO;
				CLANG_ANALYZER_NONNULL = YES;
				CLANG_ANALYZER_NUMBER_OBJECT_CONVERSION = YES_AGGRESSIVE;
				CLANG_CXX_LANGUAGE_STANDARD = "gnu++14";
				CLANG_CXX_LIBRARY = "libc++";
				CLANG_ENABLE_MODULES = YES;
				CLANG_ENABLE_OBJC_ARC = YES;
				CLANG_ENABLE_OBJC_WEAK = YES;
				CLANG_WARN_BLOCK_CAPTURE_AUTORELEASING = YES;
				CLANG_WARN_BOOL_CONVERSION = YES;
				CLANG_WARN_COMMA = YES;
				CLANG_WARN_CONSTANT_CONVERSION = YES;
				CLANG_WARN_DEPRECATED_OBJC_IMPLEMENTATIONS = YES;
				CLANG_WARN_DIRECT_OBJC_ISA_USAGE = YES_ERROR;
				CLANG_WARN_DOCUMENTATION_COMMENTS = YES;
				CLANG_WARN_EMPTY_BODY = YES;
				CLANG_WARN_ENUM_CONVERSION = YES;
				CLANG_WARN_INFINITE_RECURSION = YES;
				CLANG_WARN_INT_CONVERSION = YES;
				CLANG_WARN_NON_LITERAL_NULL_CONVERSION = YES;
				CLANG_WARN_OBJC_IMPLICIT_RETAIN_SELF = YES;
				CLANG_WARN_OBJC_LITERAL_CONVERSION = YES;
				CLANG_WARN_OBJC_ROOT_CLASS = YES_ERROR;
				CLANG_WARN_RANGE_LOOP_ANALYSIS = YES;
				CLANG_WARN_STRICT_PROTOTYPES = YES;
				CLANG_WARN_SUSPICIOUS_MOVE = YES;
				CLANG_WARN_UNGUARDED_AVAILABILITY = YES_AGGRESSIVE;
				CLANG_WARN_UNREACHABLE_CODE = YES;
				CLANG_WARN__DUPLICATE_METHOD_MATCH = YES;
				COPY_PHASE_STRIP = NO;
				DEBUG_INFORMATION_FORMAT = "dwarf-with-dsym";
				ENABLE_NS_ASSERTIONS = NO;
				ENABLE_STRICT_OBJC_MSGSEND = YES;
				GCC_C_LANGUAGE_STANDARD = gnu11;
				GCC_NO_COMMON_BLOCKS = YES;
				GCC_WARN_64_TO_32_BIT_CONVERSION = YES;
				GCC_WARN_ABOUT_RETURN_TYPE = YES_ERROR;
				GCC_WARN_UNDECLARED_SELECTOR = YES;
				GCC_WARN_UNINITIALIZED_AUTOS = YES_AGGRESSIVE;
				GCC_WARN_UNUSED_FUNCTION = YES;
				GCC_WARN_UNUSED_VARIABLE = YES;
				IPHONEOS_DEPLOYMENT_TARGET = 13.2;
				MTL_ENABLE_DEBUG_INFO = NO;
				MTL_FAST_MATH = YES;
				SDKROOT = iphoneos;
				SWIFT_COMPILATION_MODE = wholemodule;
				SWIFT_OPTIMIZATION_LEVEL = "-O";
				VALIDATE_PRODUCT = YES;
			};
			name = Release;
		};
		C76DE99623D90AEE007FE5EE /* Debug */ = {
			isa = XCBuildConfiguration;
			baseConfigurationReference = CAEC15922E2F3200F2FFAB10 /* Pods-flixster.debug.xcconfig */;
			buildSettings = {
				ASSETCATALOG_COMPILER_APPICON_NAME = AppIcon;
				CODE_SIGN_STYLE = Automatic;
				INFOPLIST_FILE = flixster/Info.plist;
				LD_RUNPATH_SEARCH_PATHS = (
					"$(inherited)",
					"@executable_path/Frameworks",
				);
				PRODUCT_BUNDLE_IDENTIFIER = com.rc.flixster;
				PRODUCT_NAME = "$(TARGET_NAME)";
				SWIFT_VERSION = 5.0;
				TARGETED_DEVICE_FAMILY = "1,2";
			};
			name = Debug;
		};
		C76DE99723D90AEE007FE5EE /* Release */ = {
			isa = XCBuildConfiguration;
			baseConfigurationReference = 001B3D63ADC2FC1A6C571012 /* Pods-flixster.release.xcconfig */;
			buildSettings = {
				ASSETCATALOG_COMPILER_APPICON_NAME = AppIcon;
				CODE_SIGN_STYLE = Automatic;
				INFOPLIST_FILE = flixster/Info.plist;
				LD_RUNPATH_SEARCH_PATHS = (
					"$(inherited)",
					"@executable_path/Frameworks",
				);
				PRODUCT_BUNDLE_IDENTIFIER = com.rc.flixster;
				PRODUCT_NAME = "$(TARGET_NAME)";
				SWIFT_VERSION = 5.0;
				TARGETED_DEVICE_FAMILY = "1,2";
			};
			name = Release;
		};
		C76DE99923D90AEE007FE5EE /* Debug */ = {
			isa = XCBuildConfiguration;
			baseConfigurationReference = 64D0AE769D5F894B80B9428B /* Pods-flixsterTests.debug.xcconfig */;
			buildSettings = {
				ALWAYS_EMBED_SWIFT_STANDARD_LIBRARIES = YES;
				BUNDLE_LOADER = "$(TEST_HOST)";
				CODE_SIGN_STYLE = Automatic;
				INFOPLIST_FILE = flixsterTests/Info.plist;
				IPHONEOS_DEPLOYMENT_TARGET = 13.2;
				LD_RUNPATH_SEARCH_PATHS = (
					"$(inherited)",
					"@executable_path/Frameworks",
					"@loader_path/Frameworks",
				);
				PRODUCT_BUNDLE_IDENTIFIER = com.rc.flixsterTests;
				PRODUCT_NAME = "$(TARGET_NAME)";
				SWIFT_VERSION = 5.0;
				TARGETED_DEVICE_FAMILY = "1,2";
				TEST_HOST = "$(BUILT_PRODUCTS_DIR)/flixster.app/flixster";
			};
			name = Debug;
		};
		C76DE99A23D90AEE007FE5EE /* Release */ = {
			isa = XCBuildConfiguration;
			baseConfigurationReference = 607F7474FF8035D7456A0B19 /* Pods-flixsterTests.release.xcconfig */;
			buildSettings = {
				ALWAYS_EMBED_SWIFT_STANDARD_LIBRARIES = YES;
				BUNDLE_LOADER = "$(TEST_HOST)";
				CODE_SIGN_STYLE = Automatic;
				INFOPLIST_FILE = flixsterTests/Info.plist;
				IPHONEOS_DEPLOYMENT_TARGET = 13.2;
				LD_RUNPATH_SEARCH_PATHS = (
					"$(inherited)",
					"@executable_path/Frameworks",
					"@loader_path/Frameworks",
				);
				PRODUCT_BUNDLE_IDENTIFIER = com.rc.flixsterTests;
				PRODUCT_NAME = "$(TARGET_NAME)";
				SWIFT_VERSION = 5.0;
				TARGETED_DEVICE_FAMILY = "1,2";
				TEST_HOST = "$(BUILT_PRODUCTS_DIR)/flixster.app/flixster";
			};
			name = Release;
		};
/* End XCBuildConfiguration section */

/* Begin XCConfigurationList section */
		C76DE97123D90AEC007FE5EE /* Build configuration list for PBXProject "flixster" */ = {
			isa = XCConfigurationList;
			buildConfigurations = (
				C76DE99323D90AEE007FE5EE /* Debug */,
				C76DE99423D90AEE007FE5EE /* Release */,
			);
			defaultConfigurationIsVisible = 0;
			defaultConfigurationName = Release;
		};
		C76DE99523D90AEE007FE5EE /* Build configuration list for PBXNativeTarget "flixster" */ = {
			isa = XCConfigurationList;
			buildConfigurations = (
				C76DE99623D90AEE007FE5EE /* Debug */,
				C76DE99723D90AEE007FE5EE /* Release */,
			);
			defaultConfigurationIsVisible = 0;
			defaultConfigurationName = Release;
		};
		C76DE99823D90AEE007FE5EE /* Build configuration list for PBXNativeTarget "flixsterTests" */ = {
			isa = XCConfigurationList;
			buildConfigurations = (
				C76DE99923D90AEE007FE5EE /* Debug */,
				C76DE99A23D90AEE007FE5EE /* Release */,
			);
			defaultConfigurationIsVisible = 0;
			defaultConfigurationName = Release;
		};
/* End XCConfigurationList section */
	};
	rootObject = C76DE96E23D90AEC007FE5EE /* Project object */;
}
